
Microsoft Visual Studio Solution File, Format Version 12.00
# Visual Studio 14
VisualStudioVersion = 14.0.25420.1
MinimumVisualStudioVersion = 10.0.40219.1
Project("{FAE04EC0-301F-11D3-BF4B-00C04F79EFBC}") = "RoseBench", "RoseBench.csproj", "{7460BC16-4EEA-4DB1-AB31-291B57096580}"
EndProject
Project("{FAE04EC0-301F-11D3-BF4B-00C04F79EFBC}") = "Rose.Client", "..\Rose.Client\Rose.Client.csproj", "{9575727A-D4EE-4129-BFCD-2531956DA1E0}"
EndProject
Global
	GlobalSection(SolutionConfigurationPlatforms) = preSolution
		Debug|Any CPU = Debug|Any CPU
		Release|Any CPU = Release|Any CPU
	EndGlobalSection
	GlobalSection(ProjectConfigurationPlatforms) = postSolution
		{7460BC16-4EEA-4DB1-AB31-291B57096580}.Debug|Any CPU.ActiveCfg = Debug|Any CPU
		{7460BC16-4EEA-4DB1-AB31-291B57096580}.Debug|Any CPU.Build.0 = Debug|Any CPU
		{7460BC16-4EEA-4DB1-AB31-291B57096580}.Release|Any CPU.ActiveCfg = Release|Any CPU
		{7460BC16-4EEA-4DB1-AB31-291B57096580}.Release|Any CPU.Build.0 = Release|Any CPU
		{9575727A-D4EE-4129-BFCD-2531956DA1E0}.Debug|Any CPU.ActiveCfg = Debug|Any CPU
		{9575727A-D4EE-4129-BFCD-2531956DA1E0}.Debug|Any CPU.Build.0 = Debug|Any CPU
		{9575727A-D4EE-4129-BFCD-2531956DA1E0}.Release|Any CPU.ActiveCfg = Release|Any CPU
		{9575727A-D4EE-4129-BFCD-2531956DA1E0}.Release|Any CPU.Build.0 = Release|Any CPU
	EndGlobalSection
	GlobalSection(SolutionProperties) = preSolution
		HideSolutionNode = FALSE
	EndGlobalSection
EndGlobal
